PODS:
  - Alamofire (4.9.0)
  - BigInt (3.1.0):
    - SipHash (~> 1.2)
  - FBAudienceNetwork (5.5.1):
    - FBSDKCoreKit/Basics (>= 5.2.1)
  - FBSDKCoreKit/Basics (5.8.0)
  - Google-Mobile-Ads-SDK (7.50.0):
    - GoogleAppMeasurement (~> 6.0)
  - GoogleAppMeasurement (6.1.3):
    - GoogleUtilities/AppDelegateSwizzler (~> 6.0)
    - GoogleUtilities/MethodSwizzler (~> 6.0)
    - GoogleUtilities/Network (~> 6.0)
    - "GoogleUtilities/NSData+zlib (~> 6.0)"
    - nanopb (~> 0.3.901)
  - GoogleMobileAdsMediationFacebook (5.5.1.1):
    - FBAudienceNetwork (= 5.5.1)
    - Google-Mobile-Ads-SDK (>= 7.50.0)
  - GoogleUtilities/AppDelegateSwizzler (6.3.1):
    - GoogleUtilities/Environment
    - GoogleUtilities/Logger
    - GoogleUtilities/Network
  - GoogleUtilities/Environment (6.3.1)
  - GoogleUtilities/Logger (6.3.1):
    - GoogleUtilities/Environment
  - GoogleUtilities/MethodSwizzler (6.3.1):
    - GoogleUtilities/Logger
  - GoogleUtilities/Network (6.3.1):
    - GoogleUtilities/Logger
    - "GoogleUtilities/NSData+zlib"
    - GoogleUtilities/Reachability
  - "GoogleUtilities/NSData+zlib (6.3.1)"
  - GoogleUtilities/Reachability (6.3.1):
    - GoogleUtilities/Logger
  - JSONRPCKit (3.0.0):
    - Result (~> 3.2.0)
  - keccak.c (0.1.3)
  - nanopb (0.3.901):
    - nanopb/decode (= 0.3.901)
    - nanopb/encode (= 0.3.901)
  - nanopb/decode (0.3.901)
  - nanopb/encode (0.3.901)
  - PromiseKit (6.8.0):
    - PromiseKit/CorePromise (= 6.8.0)
    - PromiseKit/Foundation (= 6.8.0)
    - PromiseKit/UIKit (= 6.8.0)
  - PromiseKit/CorePromise (6.8.0)
  - PromiseKit/Foundation (6.8.0):
    - PromiseKit/CorePromise
  - PromiseKit/UIKit (6.8.0):
    - PromiseKit/CorePromise
  - Realm (3.19.0):
    - Realm/Headers (= 3.19.0)
  - Realm/Headers (3.19.0)
  - RealmSwift (3.19.0):
    - Realm (= 3.19.0)
  - Result (3.2.4)
  - scrypt.c (0.1.1)
  - secp256k1.c (0.1.2)
  - SipHash (1.2.2)
  - SnapKit (4.2.0)
  - SwiftProtobuf (1.0.3)
  - SwiftyRSA (1.5.0):
    - SwiftyRSA/ObjC (= 1.5.0)
  - SwiftyRSA/ObjC (1.5.0)
  - TrezorCrypto (0.0.9)
  - TrustCore (0.0.7):
    - BigInt
    - TrezorCrypto
  - web3swift.pod (2.1.5):
    - BigInt (~> 3.1)
    - keccak.c (~> 0.1)
    - PromiseKit (~> 6.4)
    - scrypt.c (~> 0.1)
    - secp256k1.c (~> 0.1)

DEPENDENCIES:
  - Alamofire
  - BigInt (~> 3.0)
  - Google-Mobile-Ads-SDK
  - GoogleMobileAdsMediationFacebook
  - JSONRPCKit
  - PromiseKit (= 6.8.0)
  - RealmSwift
  - SnapKit
  - SwiftProtobuf (= 1.0.3)
  - SwiftyRSA
  - TrezorCrypto (= 0.0.9)
  - TrustCore (~> 0.0.7)
  - web3swift.pod (= 2.1.5)

SPEC REPOS:
  https://github.com/CocoaPods/Specs.git:
    - Alamofire
    - BigInt
    - FBAudienceNetwork
    - FBSDKCoreKit
    - Google-Mobile-Ads-SDK
    - GoogleAppMeasurement
    - GoogleMobileAdsMediationFacebook
    - GoogleUtilities
    - JSONRPCKit
    - keccak.c
    - nanopb
    - PromiseKit
    - Realm
    - RealmSwift
    - Result
    - scrypt.c
    - secp256k1.c
    - SipHash
    - SnapKit
    - SwiftProtobuf
    - SwiftyRSA
    - TrezorCrypto
    - TrustCore
    - web3swift.pod

SPEC CHECKSUMS:
  Alamofire: afc3e7c6db61476cb45cdd23fed06bad03bbc321
  BigInt: 76b5dfdfa3e2e478d4ffdf161aeede5502e2742f
  FBAudienceNetwork: 783ff4808b0b59d0eb294dd94eb251f46e0ce5c9
  FBSDKCoreKit: e7dcac0aabcfb09d0166998edd95fe3b05a0ce5d
  Google-Mobile-Ads-SDK: d48dbaf5bae1ab7a94a9786f493c26c454bc6f16
  GoogleAppMeasurement: 434cc7be25e71dc04b8d0e3079125127b330e84a
  GoogleMobileAdsMediationFacebook: ceceecd3bdefeaa0e050bd6101679a8d7425233b
  GoogleUtilities: f895fde57977df4e0233edda0dbeac490e3703b6
  JSONRPCKit: 50e0dc5e7f873e87f81562feb8836b7d1974da6d
  keccak.c: 859583afdaccb4e4fcc0f0096064d101580313f4
  nanopb: 2901f78ea1b7b4015c860c2fdd1ea2fee1a18d48
  PromiseKit: 02c93833283c37ce94ef7d25de63d48d62b0754e
  Realm: 995d585bcf699aaff226715886c849a29dd3d07f
  RealmSwift: 35f284a537989f2187b413e5917091948cb87a3f
  Result: d2d07204ce72856f1fd9130bbe42c35a7b0fea10
  scrypt.c: b42ae06183251329d2b2c620c226fb541a4a3592
  secp256k1.c: db47b726585d80f027423682eb369729e61b3b20
  SipHash: fad90a4683e420c52ef28063063dbbce248ea6d4
  SnapKit: fe8a619752f3f27075cc9a90244d75c6c3f27e2a
  SwiftProtobuf: 5ccc0e4054e37c75800e5744acb2aa80bb72b39c
  SwiftyRSA: 6e528fb1b1a87d5111c48081083b141d6d65f1cf
  TrezorCrypto: bfeea47a052dca2c77d4a39e1e183865e52de14d
  TrustCore: 688df9a241008cf9cfa3842ec8ef28777a8b7534
  web3swift.pod: df222a050e67b767529d2c81e0a87d979e5b7c5f

PODFILE CHECKSUM: b5aed761e91bc669f44b8fd4605989713b99e369

COCOAPODS: 1.8.3
