PODS:
  - Alamofire (5.4.3)
  - BigInt (5.2.0)
  - CryptoSwift (1.4.0)
  - FBAudienceNetwork (5.6.0):
    - FBSDKCoreKit/Basics (>= 5.6.0)
  - FBSDKCoreKit/Basics (9.3.0)
  - Google-Mobile-Ads-SDK (7.62.0):
    - GoogleAppMeasurement (~> 6.0)
  - GoogleAppMeasurement (6.9.0):
    - GoogleUtilities/AppDelegateSwizzler (~> 6.7)
    - GoogleUtilities/MethodSwizzler (~> 6.7)
    - GoogleUtilities/Network (~> 6.7)
    - "GoogleUtilities/NSData+zlib (~> 6.7)"
    - nanopb (~> 1.30906.0)
  - GoogleMobileAdsMediationFacebook (5.6.0.0):
    - FBAudienceNetwork (= 5.6.0)
    - Google-Mobile-Ads-SDK (>= 7.51.0)
  - GoogleUtilities/AppDelegateSwizzler (6.7.2):
    - GoogleUtilities/Environment
    - GoogleUtilities/Logger
    - GoogleUtilities/Network
  - GoogleUtilities/Environment (6.7.2):
    - PromisesObjC (~> 1.2)
  - GoogleUtilities/Logger (6.7.2):
    - GoogleUtilities/Environment
  - GoogleUtilities/MethodSwizzler (6.7.2):
    - GoogleUtilities/Logger
  - GoogleUtilities/Network (6.7.2):
    - GoogleUtilities/Logger
    - "GoogleUtilities/NSData+zlib"
    - GoogleUtilities/Reachability
  - "GoogleUtilities/NSData+zlib (6.7.2)"
  - GoogleUtilities/Reachability (6.7.2):
    - GoogleUtilities/Logger
  - nanopb (1.30906.0):
    - nanopb/decode (= 1.30906.0)
    - nanopb/encode (= 1.30906.0)
  - nanopb/decode (1.30906.0)
  - nanopb/encode (1.30906.0)
  - PromiseKit (6.15.3):
    - PromiseKit/CorePromise (= 6.15.3)
    - PromiseKit/Foundation (= 6.15.3)
    - PromiseKit/UIKit (= 6.15.3)
  - PromiseKit/CorePromise (6.15.3)
  - PromiseKit/Foundation (6.15.3):
    - PromiseKit/CorePromise
  - PromiseKit/UIKit (6.15.3):
    - PromiseKit/CorePromise
  - PromisesObjC (1.2.12)
  - Realm (5.5.1):
    - Realm/Headers (= 5.5.1)
  - Realm/Headers (5.5.1)
  - RealmSwift (5.5.1):
    - Realm (= 5.5.1)
  - secp256k1.c (0.1.2)
  - SnapKit (5.0.1)
  - Starscream (4.0.4)
  - SwiftProtobuf (1.17.0)
  - SwiftyRSA (1.5.0):
    - SwiftyRSA/ObjC (= 1.5.0)
  - SwiftyRSA/ObjC (1.5.0)
  - web3swift (2.3.0):
    - BigInt (~> 5.2)
    - CryptoSwift (~> 1.4.0)
    - PromiseKit (~> 6.15.3)
    - secp256k1.c (~> 0.1)
    - Starscream (~> 4.0.4)

DEPENDENCIES:
  - Alamofire
  - CryptoSwift (= 1.4.0)
  - Google-Mobile-Ads-SDK (= 7.62.0)
  - GoogleMobileAdsMediationFacebook (= 5.6.0)
  - PromiseKit
  - RealmSwift (~> 5.5.0)
  - SnapKit
  - SwiftProtobuf (= 1.17.0)
  - SwiftyRSA
  - web3swift (from `https://github.com/skywinder/web3swift`)

SPEC REPOS:
  https://github.com/CocoaPods/Specs.git:
    - Alamofire
    - BigInt
    - CryptoSwift
    - FBAudienceNetwork
    - FBSDKCoreKit
    - Google-Mobile-Ads-SDK
    - GoogleAppMeasurement
    - GoogleMobileAdsMediationFacebook
    - GoogleUtilities
    - nanopb
    - PromiseKit
    - PromisesObjC
    - Realm
    - RealmSwift
    - secp256k1.c
    - SnapKit
    - Starscream
    - SwiftProtobuf
    - SwiftyRSA

EXTERNAL SOURCES:
  web3swift:
    :git: https://github.com/skywinder/web3swift

CHECKOUT OPTIONS:
  web3swift:
    :commit: 5b49d9609346bbc27c18ba6f5414ade1ac4f0544
    :git: https://github.com/skywinder/web3swift

SPEC CHECKSUMS:
  Alamofire: e447a2774a40c996748296fa2c55112fdbbc42f9
  BigInt: f668a80089607f521586bbe29513d708491ef2f7
  CryptoSwift: 7cc902df1784de3b389a387756c7d710f197730c
  FBAudienceNetwork: 1ea63543665445a3a5b4a059e8210a343b6ab3c1
  FBSDKCoreKit: 0d1ae58388a458b8222f72025804cdc84eb5d0c3
  Google-Mobile-Ads-SDK: c92c27666fbf684c964259785a6b3cdd3068e06f
  GoogleAppMeasurement: a6a3a066369828db64eda428cb2856dc1cdc7c4e
  GoogleMobileAdsMediationFacebook: 2306b9822775e4ddb50c29fc758d6b45efcf6a72
  GoogleUtilities: 7f2f5a07f888cdb145101d6042bc4422f57e70b3
  nanopb: 59317e09cf1f1a0af72f12af412d54edf52603fc
  PromiseKit: 3b2b6995e51a954c46dbc550ce3da44fbfb563c5
  PromisesObjC: 3113f7f76903778cf4a0586bd1ab89329a0b7b97
  Realm: c2ffe0667f9c98c9ba65f608ba85684d39826145
  RealmSwift: 5a35c1c35c3e1925e6fcd092c881d5cc4a826bff
  secp256k1.c: db47b726585d80f027423682eb369729e61b3b20
  SnapKit: 97b92857e3df3a0c71833cce143274bf6ef8e5eb
  Starscream: 5178aed56b316f13fa3bc55694e583d35dd414d9
  SwiftProtobuf: 9c85136c6ba74b0a1b84279dbf0f6db8efb714e0
  SwiftyRSA: 6e528fb1b1a87d5111c48081083b141d6d65f1cf
  web3swift: dcc8da6f0944a062faa381869ce64114ddb5f8d3

PODFILE CHECKSUM: 64ebbccc298b4e35912e71896bade6b214ce285e

COCOAPODS: 1.10.1
